
Microsoft Visual Studio Solution File, Format Version 12.00
# Visual Studio 15
VisualStudioVersion = 15.0.27130.2036
MinimumVisualStudioVersion = 10.0.40219.1
Project("{FAE04EC0-301F-11D3-BF4B-00C04F79EFBC}") = "LightningWA", "WarningAutomation\LightningWA.csproj", "{E6C5E623-7F12-4E22-83A0-6CBF494ED733}"
EndProject
Project("{FAE04EC0-301F-11D3-BF4B-00C04F79EFBC}") = "LightningUI", "LightningUI\LightningUI.csproj", "{863166A4-E192-4C39-9809-D08F4666C17D}"
EndProject
Project("{2150E333-8FDC-42A3-9474-1A3956D46DE8}") = "Solution Items", "Solution Items", "{1C4292B6-7A39-471C-A8C2-7A1EE8004027}"
	ProjectSection(SolutionItems) = preProject
		UpdateManagerConfig.xml = UpdateManagerConfig.xml
	EndProjectSection
EndProject
Project("{FAE04EC0-301F-11D3-BF4B-00C04F79EFBC}") = "LightningRevit", "..\Lightning\LightningRevit.csproj", "{159FD9AF-B27B-4FC0-B32C-B6B9E0CE7036}"
EndProject
Global
	GlobalSection(SolutionConfigurationPlatforms) = preSolution
		Debug|Any CPU = Debug|Any CPU
		Release|Any CPU = Release|Any CPU
	EndGlobalSection
	GlobalSection(ProjectConfigurationPlatforms) = postSolution
		{E6C5E623-7F12-4E22-83A0-6CBF494ED733}.Debug|Any CPU.ActiveCfg = Debug|Any CPU
		{E6C5E623-7F12-4E22-83A0-6CBF494ED733}.Debug|Any CPU.Build.0 = Debug|Any CPU
		{E6C5E623-7F12-4E22-83A0-6CBF494ED733}.Release|Any CPU.ActiveCfg = Release|Any CPU
		{E6C5E623-7F12-4E22-83A0-6CBF494ED733}.Release|Any CPU.Build.0 = Release|Any CPU
		{863166A4-E192-4C39-9809-D08F4666C17D}.Debug|Any CPU.ActiveCfg = Debug|Any CPU
		{863166A4-E192-4C39-9809-D08F4666C17D}.Debug|Any CPU.Build.0 = Debug|Any CPU
		{863166A4-E192-4C39-9809-D08F4666C17D}.Release|Any CPU.ActiveCfg = Release|Any CPU
		{863166A4-E192-4C39-9809-D08F4666C17D}.Release|Any CPU.Build.0 = Release|Any CPU
		{159FD9AF-B27B-4FC0-B32C-B6B9E0CE7036}.Debug|Any CPU.ActiveCfg = Debug|Any CPU
		{159FD9AF-B27B-4FC0-B32C-B6B9E0CE7036}.Debug|Any CPU.Build.0 = Debug|Any CPU
		{159FD9AF-B27B-4FC0-B32C-B6B9E0CE7036}.Release|Any CPU.ActiveCfg = Release|Any CPU
		{159FD9AF-B27B-4FC0-B32C-B6B9E0CE7036}.Release|Any CPU.Build.0 = Release|Any CPU
	EndGlobalSection
	GlobalSection(SolutionProperties) = preSolution
		HideSolutionNode = FALSE
	EndGlobalSection
	GlobalSection(ExtensibilityGlobals) = postSolution
		SolutionGuid = {61635151-11EA-45E8-9AEE-FD53FB44402D}
	EndGlobalSection
EndGlobal
